
Microsoft Visual Studio Solution File, Format Version 12.00
# Visual Studio 14
VisualStudioVersion = 14.0.25420.1
MinimumVisualStudioVersion = 10.0.40219.1
Project("{FAE04EC0-301F-11D3-BF4B-00C04F79EFBC}") = "IMQ1.HTTP.Library", "IMQ1.HTTP.Library\IMQ1.HTTP.Library.csproj", "{97C26762-CA91-4B6A-93AE-A3D585F05284}"
EndProject
Project("{FAE04EC0-301F-11D3-BF4B-00C04F79EFBC}") = "IMQ1.HTTP.Console", "IMQ1.HTTP.Console\IMQ1.HTTP.Console.csproj", "{0B028B78-F925-4910-B1DE-CE6933FD6EB4}"
EndProject
Global
	GlobalSection(SolutionConfigurationPlatforms) = preSolution
		Debug|Any CPU = Debug|Any CPU
		Release|Any CPU = Release|Any CPU
	EndGlobalSection
	GlobalSection(ProjectConfigurationPlatforms) = postSolution
		{97C26762-CA91-4B6A-93AE-A3D585F05284}.Debug|Any CPU.ActiveCfg = Debug|Any CPU
		{97C26762-CA91-4B6A-93AE-A3D585F05284}.Debug|Any CPU.Build.0 = Debug|Any CPU
		{97C26762-CA91-4B6A-93AE-A3D585F05284}.Release|Any CPU.ActiveCfg = Release|Any CPU
		{97C26762-CA91-4B6A-93AE-A3D585F05284}.Release|Any CPU.Build.0 = Release|Any CPU
		{0B028B78-F925-4910-B1DE-CE6933FD6EB4}.Debug|Any CPU.ActiveCfg = Debug|Any CPU
		{0B028B78-F925-4910-B1DE-CE6933FD6EB4}.Debug|Any CPU.Build.0 = Debug|Any CPU
		{0B028B78-F925-4910-B1DE-CE6933FD6EB4}.Release|Any CPU.ActiveCfg = Release|Any CPU
		{0B028B78-F925-4910-B1DE-CE6933FD6EB4}.Release|Any CPU.Build.0 = Release|Any CPU
	EndGlobalSection
	GlobalSection(SolutionProperties) = preSolution
		HideSolutionNode = FALSE
	EndGlobalSection
EndGlobal
